
Microsoft Visual Studio Solution File, Format Version 12.00
Project("{FAE04EC0-301F-11D3-BF4B-00C04F79EFBC}") = "Seleniumtests_Krasheninnikov", "Seleniumtests_Krasheninnikov\Seleniumtests_Krasheninnikov.csproj", "{32CB787A-9028-4DA1-AE4C-652F0E63164E}"
EndProject
Global
	GlobalSection(SolutionConfigurationPlatforms) = preSolution
		Debug|Any CPU = Debug|Any CPU
		Release|Any CPU = Release|Any CPU
	EndGlobalSection
	GlobalSection(ProjectConfigurationPlatforms) = postSolution
		{32CB787A-9028-4DA1-AE4C-652F0E63164E}.Debug|Any CPU.ActiveCfg = Debug|Any CPU
		{32CB787A-9028-4DA1-AE4C-652F0E63164E}.Debug|Any CPU.Build.0 = Debug|Any CPU
		{32CB787A-9028-4DA1-AE4C-652F0E63164E}.Release|Any CPU.ActiveCfg = Release|Any CPU
		{32CB787A-9028-4DA1-AE4C-652F0E63164E}.Release|Any CPU.Build.0 = Release|Any CPU
	EndGlobalSection
EndGlobal
